Microsoft Visual Studio Solution File, Format Version 12.00
# Visual Studio Version 17
VisualStudioVersion = 17.5.2.0
MinimumVisualStudioVersion = 10.0.40219.1
Project("{FAE04EC0-301F-11D3-BF4B-00C04F79EFBC}") = "MAUITasker", "MAUITasker.csproj", "{709ACEA6-E3E9-D3FE-CFF0-AC119A87F0EF}"
EndProject
Global
	GlobalSection(SolutionConfigurationPlatforms) = preSolution
		Debug|Any CPU = Debug|Any CPU
		Release|Any CPU = Release|Any CPU
	EndGlobalSection
	GlobalSection(ProjectConfigurationPlatforms) = postSolution
		{709ACEA6-E3E9-D3FE-CFF0-AC119A87F0EF}.Debug|Any CPU.ActiveCfg = Debug|Any CPU
		{709ACEA6-E3E9-D3FE-CFF0-AC119A87F0EF}.Debug|Any CPU.Build.0 = Debug|Any CPU
		{709ACEA6-E3E9-D3FE-CFF0-AC119A87F0EF}.Release|Any CPU.ActiveCfg = Release|Any CPU
		{709ACEA6-E3E9-D3FE-CFF0-AC119A87F0EF}.Release|Any CPU.Build.0 = Release|Any CPU
	EndGlobalSection
	GlobalSection(SolutionProperties) = preSolution
		HideSolutionNode = FALSE
	EndGlobalSection
	GlobalSection(ExtensibilityGlobals) = postSolution
		SolutionGuid = {5779437D-A312-4E15-B904-484FC304AF66}
	EndGlobalSection
EndGlobal
